
Microsoft Visual Studio Solution File, Format Version 12.00
# Visual Studio Version 16
VisualStudioVersion = 16.0.30225.117
MinimumVisualStudioVersion = 10.0.40219.1
Project("{FAE04EC0-301F-11D3-BF4B-00C04F79EFBC}") = "BertoniTest.Web", "BertoniTest.Web\BertoniTest.Web.csproj", "{FA813388-941C-4C6C-A173-12D399C07AF4}"
EndProject
Project("{FAE04EC0-301F-11D3-BF4B-00C04F79EFBC}") = "BertoniTest.Services", "BertoniTest.Services\BertoniTest.Services.csproj", "{5886E505-5698-486D-ACBD-F74DC1395ED3}"
EndProject
Project("{FAE04EC0-301F-11D3-BF4B-00C04F79EFBC}") = "BertoniTest.Helpers", "BertoniTest.Helpers\BertoniTest.Helpers.csproj", "{A7987AD6-EFDC-42D9-A22A-301DA1B96303}"
EndProject
Global
	GlobalSection(SolutionConfigurationPlatforms) = preSolution
		Debug|Any CPU = Debug|Any CPU
		Release|Any CPU = Release|Any CPU
	EndGlobalSection
	GlobalSection(ProjectConfigurationPlatforms) = postSolution
		{FA813388-941C-4C6C-A173-12D399C07AF4}.Debug|Any CPU.ActiveCfg = Debug|Any CPU
		{FA813388-941C-4C6C-A173-12D399C07AF4}.Debug|Any CPU.Build.0 = Debug|Any CPU
		{FA813388-941C-4C6C-A173-12D399C07AF4}.Release|Any CPU.ActiveCfg = Release|Any CPU
		{FA813388-941C-4C6C-A173-12D399C07AF4}.Release|Any CPU.Build.0 = Release|Any CPU
		{5886E505-5698-486D-ACBD-F74DC1395ED3}.Debug|Any CPU.ActiveCfg = Debug|Any CPU
		{5886E505-5698-486D-ACBD-F74DC1395ED3}.Debug|Any CPU.Build.0 = Debug|Any CPU
		{5886E505-5698-486D-ACBD-F74DC1395ED3}.Release|Any CPU.ActiveCfg = Release|Any CPU
		{5886E505-5698-486D-ACBD-F74DC1395ED3}.Release|Any CPU.Build.0 = Release|Any CPU
		{A7987AD6-EFDC-42D9-A22A-301DA1B96303}.Debug|Any CPU.ActiveCfg = Debug|Any CPU
		{A7987AD6-EFDC-42D9-A22A-301DA1B96303}.Debug|Any CPU.Build.0 = Debug|Any CPU
		{A7987AD6-EFDC-42D9-A22A-301DA1B96303}.Release|Any CPU.ActiveCfg = Release|Any CPU
		{A7987AD6-EFDC-42D9-A22A-301DA1B96303}.Release|Any CPU.Build.0 = Release|Any CPU
	EndGlobalSection
	GlobalSection(SolutionProperties) = preSolution
		HideSolutionNode = FALSE
	EndGlobalSection
	GlobalSection(ExtensibilityGlobals) = postSolution
		SolutionGuid = {0021D63B-451C-4A80-9D8D-0786F6FC00ED}
	EndGlobalSection
EndGlobal
